<?xml version="1.0" encoding="utf-8"?>
<Project ToolsVersion="4.0" xmlns="http://schemas.microsoft.com/developer/msbuild/2003">
  <ItemGroup>
    <Filter Include="Source Files">
      <UniqueIdentifier>{4FC737F1-C7A5-4376-A066-2A32D752A2FF}</UniqueIdentifier>
      <Extensions>cpp;c;cc;cxx;def;odl;idl;hpj;bat;asm;asmx</Extensions>
    </Filter>
    <Filter Include="Header Files">
      <UniqueIdentifier>{93995380-89BD-4b04-88EB-625FBE52EBFB}</UniqueIdentifier>
      <Extensions>h;hpp;hxx;hm;inl;inc;xsd</Extensions>
    </Filter>
    <Filter Include="Resource Files">
      <UniqueIdentifier>{67DA6AB6-F800-4c08-8B7A-83BB121AAD01}</UniqueIdentifier>
      <Extensions>rc;ico;cur;bmp;dlg;rc2;rct;bin;rgs;gif;jpg;jpeg;jpe;resx;tiff;tif;png;wav;mfcribbon-ms</Extensions>
    </Filter>
    <Filter Include="Header Files\ss">
      <UniqueIdentifier>{7334cf31-d38e-48e7-a9b1-a32175d3687a}</UniqueIdentifier>
    </Filter>
    <Filter Include="Source Files\ss">
      <UniqueIdentifier>{32957a4d-977e-4967-8f8b-386701fc99bb}</UniqueIdentifier>
    </Filter>
    <Filter Include="Source Files\log">
      <UniqueIdentifier>{37ebee88-7ba8-4153-89f8-b9645ae2337f}</UniqueIdentifier>
    </Filter>
    <Filter Include="Header Files\log">
      <UniqueIdentifier>{6dae20ca-f519-4104-95c8-94899871904e}</UniqueIdentifier>
    </Filter>
    <Filter Include="Header Files\network">
      <UniqueIdentifier>{c379ca31-7634-4d2c-89f0-75c5fca47bfb}</UniqueIdentifier>
    </Filter>
    <Filter Include="Source Files\network">
      <UniqueIdentifier>{d3268b35-b3e0-4e2c-a404-5c2f2ea05b88}</UniqueIdentifier>
    </Filter>
    <Filter Include="Header Files\Plugin">
      <UniqueIdentifier>{015a08a8-58fa-4c4b-94d9-e84b284868df}</UniqueIdentifier>
    </Filter>
    <Filter Include="Source Files\Plugin">
      <UniqueIdentifier>{a6f3bd06-b2a9-4da1-8285-c799699a5407}</UniqueIdentifier>
    </Filter>
  </ItemGroup>
  <ItemGroup>
    <None Include="ReadMe.txt" />
  </ItemGroup>
  <ItemGroup>
    <ClCompile Include="src\ss\bulk_setting.cpp">
      <Filter>Source Files\ss</Filter>
    </ClCompile>
    <ClCompile Include="src\ss\file_storage.cpp">
      <Filter>Source Files\ss</Filter>
    </ClCompile>
    <ClCompile Include="src\ss\configuration.cpp">
      <Filter>Source Files\ss</Filter>
    </ClCompile>
    <ClCompile Include="src\ss\defaults_holder.cpp">
      <Filter>Source Files\ss</Filter>
    </ClCompile>
    <ClCompile Include="src\ss\enum.cpp">
      <Filter>Source Files\ss</Filter>
    </ClCompile>
    <ClCompile Include="src\ss\error.cpp">
      <Filter>Source Files\ss</Filter>
    </ClCompile>
    <ClCompile Include="src\ss\registry_storage.cpp">
      <Filter>Source Files\ss</Filter>
    </ClCompile>
    <ClCompile Include="src\ss\util.cpp">
      <Filter>Source Files\ss</Filter>
    </ClCompile>
    <ClCompile Include="src\LogConsole.cpp">
      <Filter>Source Files\log</Filter>
    </ClCompile>
    <ClCompile Include="src\Logger.cpp">
      <Filter>Source Files\log</Filter>
    </ClCompile>
    <ClCompile Include="src\LogFile.cpp">
      <Filter>Source Files\log</Filter>
    </ClCompile>
    <ClCompile Include="src\ByteStream.cpp">
      <Filter>Source Files</Filter>
    </ClCompile>
    <ClCompile Include="src\Beacon.cpp">
      <Filter>Source Files\network</Filter>
    </ClCompile>
    <ClCompile Include="src\Message.cpp">
      <Filter>Source Files\network</Filter>
    </ClCompile>
    <ClCompile Include="src\Peer.cpp">
      <Filter>Source Files\network</Filter>
    </ClCompile>
    <ClCompile Include="src\MessageFactory.cpp">
      <Filter>Source Files\network</Filter>
    </ClCompile>
    <ClCompile Include="src\MessageHello.cpp">
      <Filter>Source Files\network</Filter>
    </ClCompile>
    <ClCompile Include="src\MessageJoin.cpp">
      <Filter>Source Files\network</Filter>
    </ClCompile>
    <ClCompile Include="src\MessageLeave.cpp">
      <Filter>Source Files\network</Filter>
    </ClCompile>
    <ClCompile Include="src\MessagePing.cpp">
      <Filter>Source Files\network</Filter>
    </ClCompile>
    <ClCompile Include="src\MessagePingOk.cpp">
      <Filter>Source Files\network</Filter>
    </ClCompile>
    <ClCompile Include="src\MessageShout.cpp">
      <Filter>Source Files\network</Filter>
    </ClCompile>
    <ClCompile Include="src\MessageWhisper.cpp">
      <Filter>Source Files\network</Filter>
    </ClCompile>
    <ClCompile Include="src\ZThreaded.cpp">
      <Filter>Source Files</Filter>
    </ClCompile>
    <ClCompile Include="src\NodeThread.cpp">
      <Filter>Source Files\network</Filter>
    </ClCompile>
    <ClCompile Include="src\Node.cpp">
      <Filter>Source Files</Filter>
    </ClCompile>
    <ClCompile Include="src\Event.cpp">
      <Filter>Source Files</Filter>
    </ClCompile>
    <ClCompile Include="src\EventFactory.cpp">
      <Filter>Source Files</Filter>
    </ClCompile>
    <ClCompile Include="src\KeyValuePair.cpp">
      <Filter>Source Files</Filter>
    </ClCompile>
    <ClCompile Include="src\MessageHeader.cpp">
      <Filter>Source Files\network</Filter>
    </ClCompile>
    <ClCompile Include="src\Plugin\DynamicLibrary.cpp">
      <Filter>Source Files\Plugin</Filter>
    </ClCompile>
    <ClCompile Include="src\Plugin\PluginManager.cpp">
      <Filter>Source Files\Plugin</Filter>
    </ClCompile>
  </ItemGroup>
  <ItemGroup>
    <ClInclude Include="include\ss\array.h">
      <Filter>Header Files\ss</Filter>
    </ClInclude>
    <ClInclude Include="include\ss\fwd.h">
      <Filter>Header Files\ss</Filter>
    </ClInclude>
    <ClInclude Include="include\ss\bulk_setting.h">
      <Filter>Header Files\ss</Filter>
    </ClInclude>
    <ClInclude Include="include\ss\configuration.h">
      <Filter>Header Files\ss</Filter>
    </ClInclude>
    <ClInclude Include="include\ss\const_.h">
      <Filter>Header Files\ss</Filter>
    </ClInclude>
    <ClInclude Include="include\ss\defaults_holder.h">
      <Filter>Header Files\ss</Filter>
    </ClInclude>
    <ClInclude Include="include\ss\enum.h">
      <Filter>Header Files\ss</Filter>
    </ClInclude>
    <ClInclude Include="include\ss\error.h">
      <Filter>Header Files\ss</Filter>
    </ClInclude>
    <ClInclude Include="include\ss\file_storage.h">
      <Filter>Header Files\ss</Filter>
    </ClInclude>
    <ClInclude Include="include\ss\registry_storage.h">
      <Filter>Header Files\ss</Filter>
    </ClInclude>
    <ClInclude Include="include\ss\setting.h">
      <Filter>Header Files\ss</Filter>
    </ClInclude>
    <ClInclude Include="include\ss\setting_storage.h">
      <Filter>Header Files\ss</Filter>
    </ClInclude>
    <ClInclude Include="include\ss\template.h">
      <Filter>Header Files\ss</Filter>
    </ClInclude>
    <ClInclude Include="include\ss\ts.h">
      <Filter>Header Files\ss</Filter>
    </ClInclude>
    <ClInclude Include="include\ss\util.h">
      <Filter>Header Files\ss</Filter>
    </ClInclude>
    <ClInclude Include="src\LogConsole.h">
      <Filter>Header Files\log</Filter>
    </ClInclude>
    <ClInclude Include="src\LogPolicy.h">
      <Filter>Header Files\log</Filter>
    </ClInclude>
    <ClInclude Include="src\LogFile.h">
      <Filter>Header Files\log</Filter>
    </ClInclude>
    <ClInclude Include="include\Logger.h">
      <Filter>Header Files\log</Filter>
    </ClInclude>
    <ClInclude Include="src\Beacon.h">
      <Filter>Header Files\network</Filter>
    </ClInclude>
    <ClInclude Include="src\Peer.h">
      <Filter>Header Files</Filter>
    </ClInclude>
    <ClInclude Include="include\ZThreaded.h">
      <Filter>Header Files</Filter>
    </ClInclude>
    <ClInclude Include="src\NodeThread.h">
      <Filter>Header Files\network</Filter>
    </ClInclude>
    <ClInclude Include="include\Node.h">
      <Filter>Header Files</Filter>
    </ClInclude>
    <ClInclude Include="include\ByteStream.h">
      <Filter>Header Files</Filter>
    </ClInclude>
    <ClInclude Include="include\KeyValuePair.h">
      <Filter>Header Files</Filter>
    </ClInclude>
    <ClInclude Include="src\Message.h">
      <Filter>Header Files\network</Filter>
    </ClInclude>
    <ClInclude Include="src\MessageFactory.h">
      <Filter>Header Files\network</Filter>
    </ClInclude>
    <ClInclude Include="src\EventFactory.h">
      <Filter>Header Files\network</Filter>
    </ClInclude>
    <ClInclude Include="include\Event.h">
      <Filter>Header Files\network</Filter>
    </ClInclude>
    <ClInclude Include="include\Zyre.h">
      <Filter>Header Files</Filter>
    </ClInclude>
    <ClInclude Include="include\Plugin\Plugin.h">
      <Filter>Header Files\Plugin</Filter>
    </ClInclude>
    <ClInclude Include="include\Plugin\DynamicLibrary.h">
      <Filter>Header Files\Plugin</Filter>
    </ClInclude>
    <ClInclude Include="include\Plugin\PluginManager.h">
      <Filter>Header Files\Plugin</Filter>
    </ClInclude>
  </ItemGroup>
</Project>